// !$*UTF8*$!
{
	archiveVersion = 1;
	classes = {
	};
	objectVersion = 55;
	objects = {

/* Begin PBXBuildFile section */
		A057685D28D077B50068B3FE /* AppDelegate.swift in Sources */ = {isa = PBXBuildFile; fileRef = A057685C28D077B50068B3FE /* AppDelegate.swift */; };
		A057686128D077B50068B3FE /* LoginViewController.swift in Sources */ = {isa = PBXBuildFile; fileRef = A057686028D077B50068B3FE /* LoginViewController.swift */; };
		A057686628D077B60068B3FE /* Assets.xcassets in Resources */ = {isa = PBXBuildFile; fileRef = A057686528D077B60068B3FE /* Assets.xcassets */; };
		A057686928D077B60068B3FE /* LaunchScreen.storyboard in Resources */ = {isa = PBXBuildFile; fileRef = A057686728D077B60068B3FE /* LaunchScreen.storyboard */; };
		A057687628D07CC00068B3FE /* LoginView.swift in Sources */ = {isa = PBXBuildFile; fileRef = A057687528D07CC00068B3FE /* LoginView.swift */; };
		A0DEE04B28D1DD1800B2B5EB /* OnboardingContainerViewController.swift in Sources */ = {isa = PBXBuildFile; fileRef = A0DEE04A28D1DD1800B2B5EB /* OnboardingContainerViewController.swift */; };
		A0DEE04D28D3524C00B2B5EB /* OnboardingViewController.swift in Sources */ = {isa = PBXBuildFile; fileRef = A0DEE04C28D3524C00B2B5EB /* OnboardingViewController.swift */; };
		A0DEE04F28D43A9A00B2B5EB /* DummyViewController.swift in Sources */ = {isa = PBXBuildFile; fileRef = A0DEE04E28D43A9A00B2B5EB /* DummyViewController.swift */; };
		A0DEE05228D4457200B2B5EB /* LocalState.swift in Sources */ = {isa = PBXBuildFile; fileRef = A0DEE05128D4457200B2B5EB /* LocalState.swift */; };
		A0F33F6528D5EE990048C435 /* UIViewController+Utils.swift in Sources */ = {isa = PBXBuildFile; fileRef = A0F33F6428D5EE990048C435 /* UIViewController+Utils.swift */; };
		A0F33F6728D5FABF0048C435 /* MainViewController.swift in Sources */ = {isa = PBXBuildFile; fileRef = A0F33F6628D5FABF0048C435 /* MainViewController.swift */; };
		A0F33F6A28D61FC80048C435 /* AccountSummaryViewController.swift in Sources */ = {isa = PBXBuildFile; fileRef = A0F33F6928D61FC80048C435 /* AccountSummaryViewController.swift */; };
/* End PBXBuildFile section */

/* Begin PBXFileReference section */
		A057685928D077B50068B3FE /* BankAccount.app */ = {isa = PBXFileReference; explicitFileType = wrapper.application; includeInIndex = 0; path = BankAccount.app; sourceTree = BUILT_PRODUCTS_DIR; };
		A057685C28D077B50068B3FE /* AppDelegate.swift */ = {isa = PBXFileReference; lastKnownFileType = sourcecode.swift; path = AppDelegate.swift; sourceTree = "<group>"; };
		A057686028D077B50068B3FE /* LoginViewController.swift */ = {isa = PBXFileReference; lastKnownFileType = sourcecode.swift; path = LoginViewController.swift; sourceTree = "<group>"; };
		A057686528D077B60068B3FE /* Assets.xcassets */ = {isa = PBXFileReference; lastKnownFileType = folder.assetcatalog; path = Assets.xcassets; sourceTree = "<group>"; };
		A057686828D077B60068B3FE /* Base */ = {isa = PBXFileReference; lastKnownFileType = file.storyboard; name = Base; path = Base.lproj/LaunchScreen.storyboard; sourceTree = "<group>"; };
		A057686A28D077B60068B3FE /* Info.plist */ = {isa = PBXFileReference; lastKnownFileType = text.plist.xml; path = Info.plist; sourceTree = "<group>"; };
		A057687528D07CC00068B3FE /* LoginView.swift */ = {isa = PBXFileReference; lastKnownFileType = sourcecode.swift; path = LoginView.swift; sourceTree = "<group>"; };
		A0DEE04A28D1DD1800B2B5EB /* OnboardingContainerViewController.swift */ = {isa = PBXFileReference; lastKnownFileType = sourcecode.swift; path = OnboardingContainerViewController.swift; sourceTree = "<group>"; };
		A0DEE04C28D3524C00B2B5EB /* OnboardingViewController.swift */ = {isa = PBXFileReference; lastKnownFileType = sourcecode.swift; path = OnboardingViewController.swift; sourceTree = "<group>"; };
		A0DEE04E28D43A9A00B2B5EB /* DummyViewController.swift */ = {isa = PBXFileReference; lastKnownFileType = sourcecode.swift; path = DummyViewController.swift; sourceTree = "<group>"; };
		A0DEE05128D4457200B2B5EB /* LocalState.swift */ = {isa = PBXFileReference; lastKnownFileType = sourcecode.swift; path = LocalState.swift; sourceTree = "<group>"; };
		A0F33F6428D5EE990048C435 /* UIViewController+Utils.swift */ = {isa = PBXFileReference; lastKnownFileType = sourcecode.swift; path = "UIViewController+Utils.swift"; sourceTree = "<group>"; };
		A0F33F6628D5FABF0048C435 /* MainViewController.swift */ = {isa = PBXFileReference; lastKnownFileType = sourcecode.swift; path = MainViewController.swift; sourceTree = "<group>"; };
		A0F33F6928D61FC80048C435 /* AccountSummaryViewController.swift */ = {isa = PBXFileReference; lastKnownFileType = sourcecode.swift; path = AccountSummaryViewController.swift; sourceTree = "<group>"; };
/* End PBXFileReference section */

/* Begin PBXFrameworksBuildPhase section */
		A057685628D077B50068B3FE /* Frameworks */ = {
			isa = PBXFrameworksBuildPhase;
			buildActionMask = 2147483647;
			files = (
			);
			runOnlyForDeploymentPostprocessing = 0;
		};
/* End PBXFrameworksBuildPhase section */

/* Begin PBXGroup section */
		A057685028D077B50068B3FE = {
			isa = PBXGroup;
			children = (
				A057685B28D077B50068B3FE /* BankAccount */,
				A057685A28D077B50068B3FE /* Products */,
			);
			sourceTree = "<group>";
		};
		A057685A28D077B50068B3FE /* Products */ = {
			isa = PBXGroup;
			children = (
				A057685928D077B50068B3FE /* BankAccount.app */,
			);
			name = Products;
			sourceTree = "<group>";
		};
		A057685B28D077B50068B3FE /* BankAccount */ = {
			isa = PBXGroup;
			children = (
				A057685C28D077B50068B3FE /* AppDelegate.swift */,
				A0F33F6628D5FABF0048C435 /* MainViewController.swift */,
				A057687428D07C980068B3FE /* Login */,
				A0DEE04928D1DCD600B2B5EB /* Onboarding */,
				A0F33F6828D61F730048C435 /* AccountSummary */,
				A0DEE05028D4455400B2B5EB /* Utils */,
				A057687228D07ACE0068B3FE /* New Group */,
			);
			path = BankAccount;
			sourceTree = "<group>";
		};
		A057687228D07ACE0068B3FE /* New Group */ = {
			isa = PBXGroup;
			children = (
				A057686528D077B60068B3FE /* Assets.xcassets */,
				A057686728D077B60068B3FE /* LaunchScreen.storyboard */,
				A057686A28D077B60068B3FE /* Info.plist */,
			);
			name = "New Group";
			sourceTree = "<group>";
		};
		A057687428D07C980068B3FE /* Login */ = {
			isa = PBXGroup;
			children = (
				A057686028D077B50068B3FE /* LoginViewController.swift */,
				A057687528D07CC00068B3FE /* LoginView.swift */,
				A0DEE04E28D43A9A00B2B5EB /* DummyViewController.swift */,
			);
			path = Login;
			sourceTree = "<group>";
		};
		A0DEE04928D1DCD600B2B5EB /* Onboarding */ = {
			isa = PBXGroup;
			children = (
				A0DEE04A28D1DD1800B2B5EB /* OnboardingContainerViewController.swift */,
				A0DEE04C28D3524C00B2B5EB /* OnboardingViewController.swift */,
			);
			path = Onboarding;
			sourceTree = "<group>";
		};
		A0DEE05028D4455400B2B5EB /* Utils */ = {
			isa = PBXGroup;
			children = (
				A0DEE05128D4457200B2B5EB /* LocalState.swift */,
				A0F33F6428D5EE990048C435 /* UIViewController+Utils.swift */,
			);
			path = Utils;
			sourceTree = "<group>";
		};
		A0F33F6828D61F730048C435 /* AccountSummary */ = {
			isa = PBXGroup;
			children = (
				A0F33F6928D61FC80048C435 /* AccountSummaryViewController.swift */,
			);
			path = AccountSummary;
			sourceTree = "<group>";
		};
/* End PBXGroup section */

/* Begin PBXNativeTarget section */
		A057685828D077B50068B3FE /* BankAccount */ = {
			isa = PBXNativeTarget;
			buildConfigurationList = A057686D28D077B60068B3FE /* Build configuration list for PBXNativeTarget "BankAccount" */;
			buildPhases = (
				A057685528D077B50068B3FE /* Sources */,
				A057685628D077B50068B3FE /* Frameworks */,
				A057685728D077B50068B3FE /* Resources */,
			);
			buildRules = (
			);
			dependencies = (
			);
			name = BankAccount;
			productName = BankAccount;
			productReference = A057685928D077B50068B3FE /* BankAccount.app */;
			productType = "com.apple.product-type.application";
		};
/* End PBXNativeTarget section */

/* Begin PBXProject section */
		A057685128D077B50068B3FE /* Project object */ = {
			isa = PBXProject;
			attributes = {
				BuildIndependentTargetsInParallel = 1;
				LastSwiftUpdateCheck = 1340;
				LastUpgradeCheck = 1340;
				TargetAttributes = {
					A057685828D077B50068B3FE = {
						CreatedOnToolsVersion = 13.4.1;
					};
				};
			};
			buildConfigurationList = A057685428D077B50068B3FE /* Build configuration list for PBXProject "BankAccount" */;
			compatibilityVersion = "Xcode 13.0";
			developmentRegion = en;
			hasScannedForEncodings = 0;
			knownRegions = (
				en,
				Base,
			);
			mainGroup = A057685028D077B50068B3FE;
			productRefGroup = A057685A28D077B50068B3FE /* Products */;
			projectDirPath = "";
			projectRoot = "";
			targets = (
				A057685828D077B50068B3FE /* BankAccount */,
			);
		};
/* End PBXProject section */

/* Begin PBXResourcesBuildPhase section */
		A057685728D077B50068B3FE /* Resources */ = {
			isa = PBXResourcesBuildPhase;
			buildActionMask = 2147483647;
			files = (
				A057686928D077B60068B3FE /* LaunchScreen.storyboard in Resources */,
				A057686628D077B60068B3FE /* Assets.xcassets in Resources */,
			);
			runOnlyForDeploymentPostprocessing = 0;
		};
/* End PBXResourcesBuildPhase section */

/* Begin PBXSourcesBuildPhase section */
		A057685528D077B50068B3FE /* Sources */ = {
			isa = PBXSourcesBuildPhase;
			buildActionMask = 2147483647;
			files = (
				A0F33F6528D5EE990048C435 /* UIViewController+Utils.swift in Sources */,
				A057687628D07CC00068B3FE /* LoginView.swift in Sources */,
				A0DEE05228D4457200B2B5EB /* LocalState.swift in Sources */,
				A0DEE04F28D43A9A00B2B5EB /* DummyViewController.swift in Sources */,
				A057686128D077B50068B3FE /* LoginViewController.swift in Sources */,
				A0DEE04D28D3524C00B2B5EB /* OnboardingViewController.swift in Sources */,
				A0F33F6728D5FABF0048C435 /* MainViewController.swift in Sources */,
				A0F33F6A28D61FC80048C435 /* AccountSummaryViewController.swift in Sources */,
				A057685D28D077B50068B3FE /* AppDelegate.swift in Sources */,
				A0DEE04B28D1DD1800B2B5EB /* OnboardingContainerViewController.swift in Sources */,
			);
			runOnlyForDeploymentPostprocessing = 0;
		};
/* End PBXSourcesBuildPhase section */

/* Begin PBXVariantGroup section */
		A057686728D077B60068B3FE /* LaunchScreen.storyboard */ = {
			isa = PBXVariantGroup;
			children = (
				A057686828D077B60068B3FE /* Base */,
			);
			name = LaunchScreen.storyboard;
			sourceTree = "<group>";
		};
/* End PBXVariantGroup section */

/* Begin XCBuildConfiguration section */
		A057686B28D077B60068B3FE /* Debug */ = {
			isa = XCBuildConfiguration;
			buildSettings = {
				ALWAYS_SEARCH_USER_PATHS = NO;
				CLANG_ANALYZER_NONNULL = YES;
				CLANG_ANALYZER_NUMBER_OBJECT_CONVERSION = YES_AGGRESSIVE;
				CLANG_CXX_LANGUAGE_STANDARD = "gnu++17";
				CLANG_ENABLE_MODULES = YES;
				CLANG_ENABLE_OBJC_ARC = YES;
				CLANG_ENABLE_OBJC_WEAK = YES;
				CLANG_WARN_BLOCK_CAPTURE_AUTORELEASING = YES;
				CLANG_WARN_BOOL_CONVERSION = YES;
				CLANG_WARN_COMMA = YES;
				CLANG_WARN_CONSTANT_CONVERSION = YES;
				CLANG_WARN_DEPRECATED_OBJC_IMPLEMENTATIONS = YES;
				CLANG_WARN_DIRECT_OBJC_ISA_USAGE = YES_ERROR;
				CLANG_WARN_DOCUMENTATION_COMMENTS = YES;
				CLANG_WARN_EMPTY_BODY = YES;
				CLANG_WARN_ENUM_CONVERSION = YES;
				CLANG_WARN_INFINITE_RECURSION = YES;
				CLANG_WARN_INT_CONVERSION = YES;
				CLANG_WARN_NON_LITERAL_NULL_CONVERSION = YES;
				CLANG_WARN_OBJC_IMPLICIT_RETAIN_SELF = YES;
				CLANG_WARN_OBJC_LITERAL_CONVERSION = YES;
				CLANG_WARN_OBJC_ROOT_CLASS = YES_ERROR;
				CLANG_WARN_QUOTED_INCLUDE_IN_FRAMEWORK_HEADER = YES;
				CLANG_WARN_RANGE_LOOP_ANALYSIS = YES;
				CLANG_WARN_STRICT_PROTOTYPES = YES;
				CLANG_WARN_SUSPICIOUS_MOVE = YES;
				CLANG_WARN_UNGUARDED_AVAILABILITY = YES_AGGRESSIVE;
				CLANG_WARN_UNREACHABLE_CODE = YES;
				CLANG_WARN__DUPLICATE_METHOD_MATCH = YES;
				COPY_PHASE_STRIP = NO;
				DEBUG_INFORMATION_FORMAT = dwarf;
				ENABLE_STRICT_OBJC_MSGSEND = YES;
				ENABLE_TESTABILITY = YES;
				GCC_C_LANGUAGE_STANDARD = gnu11;
				GCC_DYNAMIC_NO_PIC = NO;
				GCC_NO_COMMON_BLOCKS = YES;
				GCC_OPTIMIZATION_LEVEL = 0;
				GCC_PREPROCESSOR_DEFINITIONS = (
					"DEBUG=1",
					"$(inherited)",
				);
				GCC_WARN_64_TO_32_BIT_CONVERSION = YES;
				GCC_WARN_ABOUT_RETURN_TYPE = YES_ERROR;
				GCC_WARN_UNDECLARED_SELECTOR = YES;
				GCC_WARN_UNINITIALIZED_AUTOS = YES_AGGRESSIVE;
				GCC_WARN_UNUSED_FUNCTION = YES;
				GCC_WARN_UNUSED_VARIABLE = YES;
				IPHONEOS_DEPLOYMENT_TARGET = 15.5;
				MTL_ENABLE_DEBUG_INFO = INCLUDE_SOURCE;
				MTL_FAST_MATH = YES;
				ONLY_ACTIVE_ARCH = YES;
				SDKROOT = iphoneos;
				SWIFT_ACTIVE_COMPILATION_CONDITIONS = DEBUG;
				SWIFT_OPTIMIZATION_LEVEL = "-Onone";
			};
			name = Debug;
		};
		A057686C28D077B60068B3FE /* Release */ = {
			isa = XCBuildConfiguration;
			buildSettings = {
				ALWAYS_SEARCH_USER_PATHS = NO;
				CLANG_ANALYZER_NONNULL = YES;
				CLANG_ANALYZER_NUMBER_OBJECT_CONVERSION = YES_AGGRESSIVE;
				CLANG_CXX_LANGUAGE_STANDARD = "gnu++17";
				CLANG_ENABLE_MODULES = YES;
				CLANG_ENABLE_OBJC_ARC = YES;
				CLANG_ENABLE_OBJC_WEAK = YES;
				CLANG_WARN_BLOCK_CAPTURE_AUTORELEASING = YES;
				CLANG_WARN_BOOL_CONVERSION = YES;
				CLANG_WARN_COMMA = YES;
				CLANG_WARN_CONSTANT_CONVERSION = YES;
				CLANG_WARN_DEPRECATED_OBJC_IMPLEMENTATIONS = YES;
				CLANG_WARN_DIRECT_OBJC_ISA_USAGE = YES_ERROR;
				CLANG_WARN_DOCUMENTATION_COMMENTS = YES;
				CLANG_WARN_EMPTY_BODY = YES;
				CLANG_WARN_ENUM_CONVERSION = YES;
				CLANG_WARN_INFINITE_RECURSION = YES;
				CLANG_WARN_INT_CONVERSION = YES;
				CLANG_WARN_NON_LITERAL_NULL_CONVERSION = YES;
				CLANG_WARN_OBJC_IMPLICIT_RETAIN_SELF = YES;
				CLANG_WARN_OBJC_LITERAL_CONVERSION = YES;
				CLANG_WARN_OBJC_ROOT_CLASS = YES_ERROR;
				CLANG_WARN_QUOTED_INCLUDE_IN_FRAMEWORK_HEADER = YES;
				CLANG_WARN_RANGE_LOOP_ANALYSIS = YES;
				CLANG_WARN_STRICT_PROTOTYPES = YES;
				CLANG_WARN_SUSPICIOUS_MOVE = YES;
				CLANG_WARN_UNGUARDED_AVAILABILITY = YES_AGGRESSIVE;
				CLANG_WARN_UNREACHABLE_CODE = YES;
				CLANG_WARN__DUPLICATE_METHOD_MATCH = YES;
				COPY_PHASE_STRIP = NO;
				DEBUG_INFORMATION_FORMAT = "dwarf-with-dsym";
				ENABLE_NS_ASSERTIONS = NO;
				ENABLE_STRICT_OBJC_MSGSEND = YES;
				GCC_C_LANGUAGE_STANDARD = gnu11;
				GCC_NO_COMMON_BLOCKS = YES;
				GCC_WARN_64_TO_32_BIT_CONVERSION = YES;
				GCC_WARN_ABOUT_RETURN_TYPE = YES_ERROR;
				GCC_WARN_UNDECLARED_SELECTOR = YES;
				GCC_WARN_UNINITIALIZED_AUTOS = YES_AGGRESSIVE;
				GCC_WARN_UNUSED_FUNCTION = YES;
				GCC_WARN_UNUSED_VARIABLE = YES;
				IPHONEOS_DEPLOYMENT_TARGET = 15.5;
				MTL_ENABLE_DEBUG_INFO = NO;
				MTL_FAST_MATH = YES;
				SDKROOT = iphoneos;
				SWIFT_COMPILATION_MODE = wholemodule;
				SWIFT_OPTIMIZATION_LEVEL = "-O";
				VALIDATE_PRODUCT = YES;
			};
			name = Release;
		};
		A057686E28D077B60068B3FE /* Debug */ = {
			isa = XCBuildConfiguration;
			buildSettings = {
				ASSETCATALOG_COMPILER_APPICON_NAME = AppIcon;
				ASSETCATALOG_COMPILER_GLOBAL_ACCENT_COLOR_NAME = AccentColor;
				CODE_SIGN_STYLE = Automatic;
				CURRENT_PROJECT_VERSION = 1;
				DEVELOPMENT_TEAM = QYGMJ959XP;
				GENERATE_INFOPLIST_FILE = YES;
				INFOPLIST_FILE = BankAccount/Info.plist;
				INFOPLIST_KEY_UIApplicationSupportsIndirectInputEvents = YES;
				INFOPLIST_KEY_UILaunchStoryboardName = LaunchScreen;
				INFOPLIST_KEY_UISupportedInterfaceOrientations_iPad = "UIInterfaceOrientationPortrait UIInterfaceOrientationPortraitUpsideDown UIInterfaceOrientationLandscapeLeft UIInterfaceOrientationLandscapeRight";
				INFOPLIST_KEY_UISupportedInterfaceOrientations_iPhone = "UIInterfaceOrientationPortrait UIInterfaceOrientationLandscapeLeft UIInterfaceOrientationLandscapeRight";
				LD_RUNPATH_SEARCH_PATHS = (
					"$(inherited)",
					"@executable_path/Frameworks",
				);
				MARKETING_VERSION = 1.0;
				PRODUCT_BUNDLE_IDENTIFIER = sihtmark.BankAccount;
				PRODUCT_NAME = "$(TARGET_NAME)";
				SWIFT_EMIT_LOC_STRINGS = YES;
				SWIFT_VERSION = 5.0;
				TARGETED_DEVICE_FAMILY = "1,2";
			};
			name = Debug;
		};
		A057686F28D077B60068B3FE /* Release */ = {
			isa = XCBuildConfiguration;
			buildSettings = {
				ASSETCATALOG_COMPILER_APPICON_NAME = AppIcon;
				ASSETCATALOG_COMPILER_GLOBAL_ACCENT_COLOR_NAME = AccentColor;
				CODE_SIGN_STYLE = Automatic;
				CURRENT_PROJECT_VERSION = 1;
				DEVELOPMENT_TEAM = QYGMJ959XP;
				GENERATE_INFOPLIST_FILE = YES;
				INFOPLIST_FILE = BankAccount/Info.plist;
				INFOPLIST_KEY_UIApplicationSupportsIndirectInputEvents = YES;
				INFOPLIST_KEY_UILaunchStoryboardName = LaunchScreen;
				INFOPLIST_KEY_UISupportedInterfaceOrientations_iPad = "UIInterfaceOrientationPortrait UIInterfaceOrientationPortraitUpsideDown UIInterfaceOrientationLandscapeLeft UIInterfaceOrientationLandscapeRight";
				INFOPLIST_KEY_UISupportedInterfaceOrientations_iPhone = "UIInterfaceOrientationPortrait UIInterfaceOrientationLandscapeLeft UIInterfaceOrientationLandscapeRight";
				LD_RUNPATH_SEARCH_PATHS = (
					"$(inherited)",
					"@executable_path/Frameworks",
				);
				MARKETING_VERSION = 1.0;
				PRODUCT_BUNDLE_IDENTIFIER = sihtmark.BankAccount;
				PRODUCT_NAME = "$(TARGET_NAME)";
				SWIFT_EMIT_LOC_STRINGS = YES;
				SWIFT_VERSION = 5.0;
				TARGETED_DEVICE_FAMILY = "1,2";
			};
			name = Release;
		};
/* End XCBuildConfiguration section */

/* Begin XCConfigurationList section */
		A057685428D077B50068B3FE /* Build configuration list for PBXProject "BankAccount" */ = {
			isa = XCConfigurationList;
			buildConfigurations = (
				A057686B28D077B60068B3FE /* Debug */,
				A057686C28D077B60068B3FE /* Release */,
			);
			defaultConfigurationIsVisible = 0;
			defaultConfigurationName = Release;
		};
		A057686D28D077B60068B3FE /* Build configuration list for PBXNativeTarget "BankAccount" */ = {
			isa = XCConfigurationList;
			buildConfigurations = (
				A057686E28D077B60068B3FE /* Debug */,
				A057686F28D077B60068B3FE /* Release */,
			);
			defaultConfigurationIsVisible = 0;
			defaultConfigurationName = Release;
		};
/* End XCConfigurationList section */
	};
	rootObject = A057685128D077B50068B3FE /* Project object */;
}
